{
  "version": 4,
  "terraform_version": "1.5.1",
  "serial": 25,
  "lineage": "7ff0fd7c-a9f2-cd17-9b6c-a426f8968757",
  "outputs": {},
  "resources": [
    {
      "mode": "data",
      "type": "azurerm_client_config",
      "name": "current",
      "provider": "provider[\"registry.terraform.io/hashicorp/azurerm\"]",
      "instances": [
        {
          "schema_version": 0,
          "attributes": {
            "client_id": "04b07795-8ddb-461a-bbee-02f9e1bf7b46",
            "id": "Y2xpZW50Q29uZmlncy9jbGllbnRJZD0wNGIwNzc5NS04ZGRiLTQ2MWEtYmJlZS0wMmY5ZTFiZjdiNDY7b2JqZWN0SWQ9Yjg3NDEwMDMtMGZhMy00MzZkLWI5NmMtNjFiMzUyYWEwMjE5O3N1YnNjcmlwdGlvbklkPTZlNGQ0ZDQxLTIwYTYtNDgwMS04ZWVjLWM3NjlkODcwZTMzMzt0ZW5hbnRJZD03MmY5ODhiZi04NmYxLTQxYWYtOTFhYi0yZDdjZDAxMWRiNDc=",
            "object_id": "b8741003-0fa3-436d-b96c-61b352aa0219",
            "subscription_id": "6e4d4d41-20a6-4801-8eec-c769d870e333",
            "tenant_id": "72f988bf-86f1-41af-91ab-2d7cd011db47",
            "timeouts": null
          },
          "sensitive_attributes": []
        }
      ]
    },
    {
      "mode": "managed",
      "type": "azapi_resource",
      "name": "container_app",
      "provider": "provider[\"registry.terraform.io/azure/azapi\"]",
      "instances": [
        {
          "schema_version": 0,
          "attributes": {
            "body": "{\"properties\":{\"configuration\":{\"ingress\":{\"external\":true,\"targetPort\":3333},\"registries\":[{\"passwordSecretRef\":\"registry-password\",\"server\":\"acrepicbug.azurecr.io\",\"username\":\"acrepicbug\"}],\"secrets\":[{\"name\":\"registry-password\",\"value\":\"kahVn3k6+zXPFWimENCrhXxX345CV9xbzxq2eKITI3+ACRAC+jW2\"}]},\"managedEnvironmentId\":\"/subscriptions/6e4d4d41-20a6-4801-8eec-c769d870e333/resourceGroups/rg-tight-viper/providers/Microsoft.App/managedEnvironments/caenv-genuine-wolf\",\"template\":{\"containers\":[{\"image\":\"acrepicbug.azurecr.io/helloworld:latest\",\"name\":\"helloworld\"}]}}}",
            "id": "/subscriptions/6e4d4d41-20a6-4801-8eec-c769d870e333/resourceGroups/rg-tight-viper/providers/Microsoft.App/containerApps/ca-nearby-beagle",
            "identity": [
              {
                "identity_ids": [],
                "principal_id": "",
                "tenant_id": "",
                "type": "None"
              }
            ],
            "ignore_casing": false,
            "ignore_missing_property": true,
            "location": "East US",
            "locks": null,
            "name": "ca-nearby-beagle",
            "output": "{}",
            "parent_id": "/subscriptions/6e4d4d41-20a6-4801-8eec-c769d870e333/resourceGroups/rg-tight-viper",
            "removing_special_chars": false,
            "response_export_values": null,
            "schema_validation_enabled": true,
            "tags": {},
            "timeouts": null,
            "type": "Microsoft.App/containerApps@2022-01-01-preview"
          },
          "sensitive_attributes": [
            [
              {
                "type": "get_attr",
                "value": "body"
              }
            ]
          ],
          "private": "eyJlMmJmYjczMC1lY2FhLTExZTYtOGY4OC0zNDM2M2JjN2M0YzAiOnsiY3JlYXRlIjoxODAwMDAwMDAwMDAwLCJkZWxldGUiOjE4MDAwMDAwMDAwMDAsInJlYWQiOjMwMDAwMDAwMDAwMCwidXBkYXRlIjoxODAwMDAwMDAwMDAwfX0=",
          "dependencies": [
            "azapi_resource.container_app_environment",
            "azurerm_container_registry.acr",
            "azurerm_container_registry_task.acr_task",
            "azurerm_container_registry_task_schedule_run_now.runacrtask",
            "azurerm_key_vault.kv",
            "azurerm_key_vault_secret.gh_pat",
            "azurerm_resource_group.rg",
            "random_pet.acrtask_name",
            "random_pet.ca"
          ]
        }
      ]
    },
    {
      "mode": "managed",
      "type": "azapi_resource",
      "name": "container_app_environment",
      "provider": "provider[\"registry.terraform.io/azure/azapi\"]",
      "instances": [
        {
          "schema_version": 0,
          "attributes": {
            "body": "{\"properties\":{\"appLogsConfiguration\":{\"destination\":\"log-analytics\",\"logAnalyticsConfiguration\":{\"customerId\":\"0b61ce45-12e2-4dc7-ba9f-0fee8b5febed\",\"sharedKey\":\"7oFL2xKraBGLPxhCl/lWjhQqgNnSdyYhwbwQUDgHQpQnPWgiXQbsg67xUYaXnxW0B0WxAkLjcG5czTx7/n1JwA==\"}}}}",
            "id": "/subscriptions/6e4d4d41-20a6-4801-8eec-c769d870e333/resourceGroups/rg-tight-viper/providers/Microsoft.App/managedEnvironments/caenv-genuine-wolf",
            "identity": [],
            "ignore_casing": false,
            "ignore_missing_property": true,
            "location": "East US",
            "locks": null,
            "name": "caenv-genuine-wolf",
            "output": "{}",
            "parent_id": "/subscriptions/6e4d4d41-20a6-4801-8eec-c769d870e333/resourceGroups/rg-tight-viper",
            "removing_special_chars": false,
            "response_export_values": null,
            "schema_validation_enabled": true,
            "tags": {},
            "timeouts": null,
            "type": "Microsoft.App/managedEnvironments@2022-03-01"
          },
          "sensitive_attributes": [
            [
              {
                "type": "get_attr",
                "value": "body"
              }
            ]
          ],
          "private": "eyJlMmJmYjczMC1lY2FhLTExZTYtOGY4OC0zNDM2M2JjN2M0YzAiOnsiY3JlYXRlIjoxODAwMDAwMDAwMDAwLCJkZWxldGUiOjE4MDAwMDAwMDAwMDAsInJlYWQiOjMwMDAwMDAwMDAwMCwidXBkYXRlIjoxODAwMDAwMDAwMDAwfX0=",
          "dependencies": [
            "azurerm_log_analytics_workspace.law",
            "azurerm_resource_group.rg",
            "random_pet.ca_env",
            "random_pet.rg_name"
          ]
        }
      ]
    },
    {
      "mode": "managed",
      "type": "azurerm_container_registry",
      "name": "acr",
      "provider": "provider[\"registry.terraform.io/hashicorp/azurerm\"]",
      "instances": [
        {
          "schema_version": 2,
          "attributes": {
            "admin_enabled": true,
            "admin_password": "kahVn3k6+zXPFWimENCrhXxX345CV9xbzxq2eKITI3+ACRAC+jW2",
            "admin_username": "acrepicbug",
            "anonymous_pull_enabled": false,
            "data_endpoint_enabled": false,
            "encryption": [
              {
                "enabled": false,
                "identity_client_id": "",
                "key_vault_key_id": ""
              }
            ],
            "export_policy_enabled": true,
            "georeplications": [],
            "id": "/subscriptions/6e4d4d41-20a6-4801-8eec-c769d870e333/resourceGroups/rg-tight-viper/providers/Microsoft.ContainerRegistry/registries/acrepicbug",
            "identity": [],
            "location": "eastus",
            "login_server": "acrepicbug.azurecr.io",
            "name": "acrepicbug",
            "network_rule_bypass_option": "AzureServices",
            "network_rule_set": [
              {
                "default_action": "Allow",
                "ip_rule": [],
                "virtual_network": []
              }
            ],
            "public_network_access_enabled": true,
            "quarantine_policy_enabled": false,
            "resource_group_name": "rg-tight-viper",
            "retention_policy": [
              {
                "days": 7,
                "enabled": false
              }
            ],
            "sku": "Premium",
            "tags": {},
            "timeouts": null,
            "trust_policy": [
              {
                "enabled": false
              }
            ],
            "zone_redundancy_enabled": false
          },
          "sensitive_attributes": [],
          "private": "eyJlMmJmYjczMC1lY2FhLTExZTYtOGY4OC0zNDM2M2JjN2M0YzAiOnsiY3JlYXRlIjoxODAwMDAwMDAwMDAwLCJkZWxldGUiOjE4MDAwMDAwMDAwMDAsInJlYWQiOjMwMDAwMDAwMDAwMCwidXBkYXRlIjoxODAwMDAwMDAwMDAwfSwic2NoZW1hX3ZlcnNpb24iOiIyIn0=",
          "dependencies": [
            "azurerm_resource_group.rg",
            "random_pet.acr_name",
            "random_pet.rg_name"
          ]
        }
      ]
    },
    {
      "mode": "managed",
      "type": "azurerm_container_registry_task",
      "name": "acr_task",
      "provider": "provider[\"registry.terraform.io/hashicorp/azurerm\"]",
      "instances": [
        {
          "schema_version": 0,
          "attributes": {
            "agent_pool_name": "",
            "agent_setting": [],
            "base_image_trigger": [],
            "container_registry_id": "/subscriptions/6e4d4d41-20a6-4801-8eec-c769d870e333/resourceGroups/rg-tight-viper/providers/Microsoft.ContainerRegistry/registries/acrepicbug",
            "docker_step": [
              {
                "arguments": null,
                "cache_enabled": true,
                "context_access_token": "sichuan-1234567890",
                "context_path": "https://github.com/Azure-Samples/aci-helloworld.git#master",
                "dockerfile_path": "Dockerfile",
                "image_names": [
                  "helloworld:{{.Run.ID}}",
                  "helloworld:latest"
                ],
                "push_enabled": true,
                "secret_arguments": null,
                "target": ""
              }
            ],
            "enabled": true,
            "encoded_step": [],
            "file_step": [],
            "id": "/subscriptions/6e4d4d41-20a6-4801-8eec-c769d870e333/resourceGroups/rg-tight-viper/providers/Microsoft.ContainerRegistry/registries/acrepicbug/tasks/acrtask-bear",
            "identity": [],
            "is_system_task": false,
            "log_template": "",
            "name": "acrtask-bear",
            "platform": [
              {
                "architecture": "",
                "os": "Linux",
                "variant": ""
              }
            ],
            "registry_credential": [],
            "source_trigger": [],
            "tags": null,
            "timeout_in_seconds": 3600,
            "timeouts": null,
            "timer_trigger": []
          },
          "sensitive_attributes": [
            [
              {
                "type": "get_attr",
                "value": "docker_step"
              },
              {
                "type": "index",
                "value": {
                  "value": 0,
                  "type": "number"
                }
              },
              {
                "type": "get_attr",
                "value": "context_access_token"
              }
            ]
          ],
          "private": "eyJlMmJmYjczMC1lY2FhLTExZTYtOGY4OC0zNDM2M2JjN2M0YzAiOnsiY3JlYXRlIjoxODAwMDAwMDAwMDAwLCJkZWxldGUiOjE4MDAwMDAwMDAwMDAsInJlYWQiOjMwMDAwMDAwMDAwMCwidXBkYXRlIjoxODAwMDAwMDAwMDAwfX0=",
          "dependencies": [
            "azurerm_container_registry.acr",
            "azurerm_key_vault.kv",
            "azurerm_key_vault_secret.gh_pat",
            "random_pet.acrtask_name"
          ]
        }
      ]
    },
    {
      "mode": "managed",
      "type": "azurerm_container_registry_task_schedule_run_now",
      "name": "runacrtask",
      "provider": "provider[\"registry.terraform.io/hashicorp/azurerm\"]",
      "instances": [
        {
          "schema_version": 0,
          "attributes": {
            "container_registry_task_id": "/subscriptions/6e4d4d41-20a6-4801-8eec-c769d870e333/resourceGroups/rg-tight-viper/providers/Microsoft.ContainerRegistry/registries/acrepicbug/tasks/acrtask-bear",
            "id": "/subscriptions/6e4d4d41-20a6-4801-8eec-c769d870e333/resourceGroups/rg-tight-viper/providers/Microsoft.ContainerRegistry/registries/acrepicbug/tasks/acrtask-bear/schedule/schedule",
            "timeouts": null
          },
          "sensitive_attributes": [],
          "private": "eyJlMmJmYjczMC1lY2FhLTExZTYtOGY4OC0zNDM2M2JjN2M0YzAiOnsiY3JlYXRlIjoxODAwMDAwMDAwMDAwLCJkZWxldGUiOjE4MDAwMDAwMDAwMDAsInJlYWQiOjMwMDAwMDAwMDAwMH19",
          "dependencies": [
            "azurerm_container_registry.acr",
            "azurerm_container_registry_task.acr_task",
            "azurerm_key_vault.kv",
            "azurerm_key_vault_secret.gh_pat",
            "random_pet.acrtask_name"
          ]
        }
      ]
    },
    {
      "mode": "managed",
      "type": "azurerm_key_vault",
      "name": "kv",
      "provider": "provider[\"registry.terraform.io/hashicorp/azurerm\"]",
      "instances": [
        {
          "schema_version": 2,
          "attributes": {
            "access_policy": [
              {
                "application_id": "",
                "certificate_permissions": [],
                "key_permissions": [
                  "Decrypt",
                  "Sign",
                  "Get",
                  "UnwrapKey",
                  "Delete",
                  "Update",
                  "Create",
                  "List",
                  "Get",
                  "List",
                  "Update",
                  "Create",
                  "Import",
                  "Delete",
                  "Recover",
                  "Backup",
                  "Restore",
                  "GetRotationPolicy",
                  "SetRotationPolicy",
                  "Rotate"
                ],
                "object_id": "b8741003-0fa3-436d-b96c-61b352aa0219",
                "secret_permissions": [
                  "Set",
                  "Get",
                  "Delete",
                  "List",
                  "Get",
                  "List",
                  "Set",
                  "Delete",
                  "Recover",
                  "Backup",
                  "Restore"
                ],
                "storage_permissions": [],
                "tenant_id": "72f988bf-86f1-41af-91ab-2d7cd011db47"
              }
            ],
            "contact": [],
            "enable_rbac_authorization": false,
            "enabled_for_deployment": false,
            "enabled_for_disk_encryption": false,
            "enabled_for_template_deployment": false,
            "id": "/subscriptions/6e4d4d41-20a6-4801-8eec-c769d870e333/resourceGroups/rg-tight-viper/providers/Microsoft.KeyVault/vaults/kv-sichuan",
            "location": "eastus",
            "name": "kv-sichuan",
            "network_acls": [
              {
                "bypass": "AzureServices",
                "default_action": "Allow",
                "ip_rules": [],
                "virtual_network_subnet_ids": []
              }
            ],
            "public_network_access_enabled": true,
            "purge_protection_enabled": false,
            "resource_group_name": "rg-tight-viper",
            "sku_name": "standard",
            "soft_delete_retention_days": 90,
            "tags": {},
            "tenant_id": "72f988bf-86f1-41af-91ab-2d7cd011db47",
            "timeouts": null,
            "vault_uri": "https://kv-sichuan.vault.azure.net/"
          },
          "sensitive_attributes": [],
          "private": "eyJlMmJmYjczMC1lY2FhLTExZTYtOGY4OC0zNDM2M2JjN2M0YzAiOnsiY3JlYXRlIjoxODAwMDAwMDAwMDAwLCJkZWxldGUiOjE4MDAwMDAwMDAwMDAsInJlYWQiOjMwMDAwMDAwMDAwMCwidXBkYXRlIjoxODAwMDAwMDAwMDAwfSwic2NoZW1hX3ZlcnNpb24iOiIyIn0=",
          "dependencies": [
            "azurerm_resource_group.rg",
            "data.azurerm_client_config.current",
            "random_pet.rg_name"
          ]
        }
      ]
    },
    {
      "mode": "managed",
      "type": "azurerm_key_vault_secret",
      "name": "gh_pat",
      "provider": "provider[\"registry.terraform.io/hashicorp/azurerm\"]",
      "instances": [
        {
          "schema_version": 0,
          "attributes": {
            "content_type": "",
            "expiration_date": null,
            "id": "https://kv-sichuan.vault.azure.net/secrets/mcg-gh-pat/5099be7e4cfb4e4cbaa366adb84a43af",
            "key_vault_id": "/subscriptions/6e4d4d41-20a6-4801-8eec-c769d870e333/resourceGroups/rg-tight-viper/providers/Microsoft.KeyVault/vaults/kv-sichuan",
            "name": "mcg-gh-pat",
            "not_before_date": null,
            "resource_id": "/subscriptions/6e4d4d41-20a6-4801-8eec-c769d870e333/resourceGroups/rg-tight-viper/providers/Microsoft.KeyVault/vaults/kv-sichuan/secrets/mcg-gh-pat/versions/5099be7e4cfb4e4cbaa366adb84a43af",
            "resource_versionless_id": "/subscriptions/6e4d4d41-20a6-4801-8eec-c769d870e333/resourceGroups/rg-tight-viper/providers/Microsoft.KeyVault/vaults/kv-sichuan/secrets/mcg-gh-pat",
            "tags": null,
            "timeouts": null,
            "value": "sichuan-1234567890",
            "version": "5099be7e4cfb4e4cbaa366adb84a43af",
            "versionless_id": "https://kv-sichuan.vault.azure.net/secrets/mcg-gh-pat"
          },
          "sensitive_attributes": [],
          "private": "eyJlMmJmYjczMC1lY2FhLTExZTYtOGY4OC0zNDM2M2JjN2M0YzAiOnsiY3JlYXRlIjoxODAwMDAwMDAwMDAwLCJkZWxldGUiOjE4MDAwMDAwMDAwMDAsInJlYWQiOjE4MDAwMDAwMDAwMDAsInVwZGF0ZSI6MTgwMDAwMDAwMDAwMH19",
          "dependencies": [
            "azurerm_key_vault.kv"
          ]
        }
      ]
    },
    {
      "mode": "managed",
      "type": "azurerm_log_analytics_workspace",
      "name": "law",
      "provider": "provider[\"registry.terraform.io/hashicorp/azurerm\"]",
      "instances": [
        {
          "schema_version": 3,
          "attributes": {
            "allow_resource_only_permissions": true,
            "cmk_for_query_forced": false,
            "daily_quota_gb": -1,
            "id": "/subscriptions/6e4d4d41-20a6-4801-8eec-c769d870e333/resourceGroups/rg-tight-viper/providers/Microsoft.OperationalInsights/workspaces/example",
            "internet_ingestion_enabled": true,
            "internet_query_enabled": true,
            "local_authentication_disabled": false,
            "location": "eastus",
            "name": "example",
            "primary_shared_key": "7oFL2xKraBGLPxhCl/lWjhQqgNnSdyYhwbwQUDgHQpQnPWgiXQbsg67xUYaXnxW0B0WxAkLjcG5czTx7/n1JwA==",
            "reservation_capacity_in_gb_per_day": null,
            "resource_group_name": "rg-tight-viper",
            "retention_in_days": 30,
            "secondary_shared_key": "a9UxOYb5CYKHcWfyxpc4xR4yLYB3mdnYg/xEhNwJ46MLTAuVTdyLsX28fN4CxYo3pWL811VFUP4J/1Gx4ec7bQ==",
            "sku": "PerGB2018",
            "tags": {},
            "timeouts": null,
            "workspace_id": "0b61ce45-12e2-4dc7-ba9f-0fee8b5febed"
          },
          "sensitive_attributes": [],
          "private": "eyJlMmJmYjczMC1lY2FhLTExZTYtOGY4OC0zNDM2M2JjN2M0YzAiOnsiY3JlYXRlIjoxODAwMDAwMDAwMDAwLCJkZWxldGUiOjE4MDAwMDAwMDAwMDAsInJlYWQiOjMwMDAwMDAwMDAwMCwidXBkYXRlIjoxODAwMDAwMDAwMDAwfSwic2NoZW1hX3ZlcnNpb24iOiIzIn0=",
          "dependencies": [
            "azurerm_resource_group.rg",
            "random_pet.rg_name"
          ]
        }
      ]
    },
    {
      "mode": "managed",
      "type": "azurerm_resource_group",
      "name": "rg",
      "provider": "provider[\"registry.terraform.io/hashicorp/azurerm\"]",
      "instances": [
        {
          "schema_version": 0,
          "attributes": {
            "id": "/subscriptions/6e4d4d41-20a6-4801-8eec-c769d870e333/resourceGroups/rg-tight-viper",
            "location": "eastus",
            "name": "rg-tight-viper",
            "tags": {},
            "timeouts": null
          },
          "sensitive_attributes": [],
          "private": "eyJlMmJmYjczMC1lY2FhLTExZTYtOGY4OC0zNDM2M2JjN2M0YzAiOnsiY3JlYXRlIjo1NDAwMDAwMDAwMDAwLCJkZWxldGUiOjU0MDAwMDAwMDAwMDAsInJlYWQiOjMwMDAwMDAwMDAwMCwidXBkYXRlIjo1NDAwMDAwMDAwMDAwfX0=",
          "dependencies": [
            "random_pet.rg_name"
          ]
        }
      ]
    },
    {
      "mode": "managed",
      "type": "random_pet",
      "name": "acr_name",
      "provider": "provider[\"registry.terraform.io/hashicorp/random\"]",
      "instances": [
        {
          "schema_version": 0,
          "attributes": {
            "id": "acrepicbug",
            "keepers": null,
            "length": 2,
            "prefix": "acr",
            "separator": ""
          },
          "sensitive_attributes": []
        }
      ]
    },
    {
      "mode": "managed",
      "type": "random_pet",
      "name": "acrtask_name",
      "provider": "provider[\"registry.terraform.io/hashicorp/random\"]",
      "instances": [
        {
          "schema_version": 0,
          "attributes": {
            "id": "acrtask-bear",
            "keepers": null,
            "length": 1,
            "prefix": "acrtask",
            "separator": "-"
          },
          "sensitive_attributes": []
        }
      ]
    },
    {
      "mode": "managed",
      "type": "random_pet",
      "name": "ca",
      "provider": "provider[\"registry.terraform.io/hashicorp/random\"]",
      "instances": [
        {
          "schema_version": 0,
          "attributes": {
            "id": "ca-nearby-beagle",
            "keepers": null,
            "length": 2,
            "prefix": "ca",
            "separator": "-"
          },
          "sensitive_attributes": []
        }
      ]
    },
    {
      "mode": "managed",
      "type": "random_pet",
      "name": "ca_env",
      "provider": "provider[\"registry.terraform.io/hashicorp/random\"]",
      "instances": [
        {
          "schema_version": 0,
          "attributes": {
            "id": "caenv-genuine-wolf",
            "keepers": null,
            "length": 2,
            "prefix": "caenv",
            "separator": "-"
          },
          "sensitive_attributes": []
        }
      ]
    },
    {
      "mode": "managed",
      "type": "random_pet",
      "name": "rg_name",
      "provider": "provider[\"registry.terraform.io/hashicorp/random\"]",
      "instances": [
        {
          "schema_version": 0,
          "attributes": {
            "id": "rg-tight-viper",
            "keepers": null,
            "length": 2,
            "prefix": "rg",
            "separator": "-"
          },
          "sensitive_attributes": []
        }
      ]
    }
  ],
  "check_results": null
}
